
Microsoft Visual Studio Solution File, Format Version 12.00
# Visual Studio Version 17
VisualStudioVersion = 17.10.35013.160
MinimumVisualStudioVersion = 10.0.40219.1
Project("{FAE04EC0-301F-11D3-BF4B-00C04F79EFBC}") = "FileTransferProject", "FileTransferProject\FileTransferProject.csproj", "{0D8C35D6-5BBF-4D2C-A314-1AA287E1E6B6}"
EndProject
Global
	GlobalSection(SolutionConfigurationPlatforms) = preSolution
		Debug|Any CPU = Debug|Any CPU
		Release|Any CPU = Release|Any CPU
	EndGlobalSection
	GlobalSection(ProjectConfigurationPlatforms) = postSolution
		{0D8C35D6-5BBF-4D2C-A314-1AA287E1E6B6}.Debug|Any CPU.ActiveCfg = Debug|Any CPU
		{0D8C35D6-5BBF-4D2C-A314-1AA287E1E6B6}.Debug|Any CPU.Build.0 = Debug|Any CPU
		{0D8C35D6-5BBF-4D2C-A314-1AA287E1E6B6}.Release|Any CPU.ActiveCfg = Release|Any CPU
		{0D8C35D6-5BBF-4D2C-A314-1AA287E1E6B6}.Release|Any CPU.Build.0 = Release|Any CPU
	EndGlobalSection
	GlobalSection(SolutionProperties) = preSolution
		HideSolutionNode = FALSE
	EndGlobalSection
	GlobalSection(ExtensibilityGlobals) = postSolution
		SolutionGuid = {5DDD0C2A-63C8-4D46-9068-F8DCE215D3C7}
	EndGlobalSection
EndGlobal
